
Microsoft Visual Studio Solution File, Format Version 12.00
# Visual Studio Version 16
VisualStudioVersion = 16.0.30114.105
MinimumVisualStudioVersion = 10.0.40219.1
Project("{FAE04EC0-301F-11D3-BF4B-00C04F79EFBC}") = "TicTacToe", "TicTacToe.csproj", "{6B3C7A24-C64B-4C16-BE2F-A656FE719ECD}"
EndProject
Global
	GlobalSection(SolutionConfigurationPlatforms) = preSolution
		Debug|Any CPU = Debug|Any CPU
		Release|Any CPU = Release|Any CPU
	EndGlobalSection
	GlobalSection(ProjectConfigurationPlatforms) = postSolution
		{6B3C7A24-C64B-4C16-BE2F-A656FE719ECD}.Debug|Any CPU.ActiveCfg = Debug|Any CPU
		{6B3C7A24-C64B-4C16-BE2F-A656FE719ECD}.Debug|Any CPU.Build.0 = Debug|Any CPU
		{6B3C7A24-C64B-4C16-BE2F-A656FE719ECD}.Release|Any CPU.ActiveCfg = Release|Any CPU
		{6B3C7A24-C64B-4C16-BE2F-A656FE719ECD}.Release|Any CPU.Build.0 = Release|Any CPU
	EndGlobalSection
	GlobalSection(SolutionProperties) = preSolution
		HideSolutionNode = FALSE
	EndGlobalSection
	GlobalSection(ExtensibilityGlobals) = postSolution
		SolutionGuid = {1513090A-EF68-44A3-90E1-84D9AF92C15B}
	EndGlobalSection
EndGlobal
